// !$*UTF8*$!
{
	archiveVersion = 1;
	classes = {
	};
	objectVersion = 46;
	objects = {

/* Begin PBXBuildFile section */
		B8171CAA1C84F0E900C142EE /* AppDelegate.swift in Sources */ = {isa = PBXBuildFile; fileRef = B8171CA91C84F0E900C142EE /* AppDelegate.swift */; };
		B8171CAC1C84F0E900C142EE /* ViewController.swift in Sources */ = {isa = PBXBuildFile; fileRef = B8171CAB1C84F0E900C142EE /* ViewController.swift */; };
		B8171CAF1C84F0E900C142EE /* Main.storyboard in Resources */ = {isa = PBXBuildFile; fileRef = B8171CAD1C84F0E900C142EE /* Main.storyboard */; };
		B8171CB11C84F0E900C142EE /* Assets.xcassets in Resources */ = {isa = PBXBuildFile; fileRef = B8171CB01C84F0E900C142EE /* Assets.xcassets */; };
		B8171CB41C84F0E900C142EE /* LaunchScreen.storyboard in Resources */ = {isa = PBXBuildFile; fileRef = B8171CB21C84F0E900C142EE /* LaunchScreen.storyboard */; };
		B87C4ED31C84F22600EC74AB /* ForcastIOApi.swift in Sources */ = {isa = PBXBuildFile; fileRef = B87C4ED21C84F22600EC74AB /* ForcastIOApi.swift */; };
		B87C4ED51C84F6FE00EC74AB /* MapKit.framework in Frameworks */ = {isa = PBXBuildFile; fileRef = B87C4ED41C84F6FE00EC74AB /* MapKit.framework */; };
		B8BE4B151C861BA100C60A92 /* ForecastSummary.swift in Sources */ = {isa = PBXBuildFile; fileRef = B8BE4B141C861BA100C60A92 /* ForecastSummary.swift */; };
		CDB6D9F29001355004B7568C /* Pods.framework in Frameworks */ = {isa = PBXBuildFile; fileRef = 411697A8F9B1C08070D70E56 /* Pods.framework */; };
/* End PBXBuildFile section */

/* Begin PBXFileReference section */
		411697A8F9B1C08070D70E56 /* Pods.framework */ = {isa = PBXFileReference; explicitFileType = wrapper.framework; includeInIndex = 0; path = Pods.framework; sourceTree = BUILT_PRODUCTS_DIR; };
		4FFC59BC8BA89CC3A8145443 /* Pods.debug.xcconfig */ = {isa = PBXFileReference; includeInIndex = 1; lastKnownFileType = text.xcconfig; name = Pods.debug.xcconfig; path = "Pods/Target Support Files/Pods/Pods.debug.xcconfig"; sourceTree = "<group>"; };
		6F5835133A665F48426C2FE4 /* Pods.release.xcconfig */ = {isa = PBXFileReference; includeInIndex = 1; lastKnownFileType = text.xcconfig; name = Pods.release.xcconfig; path = "Pods/Target Support Files/Pods/Pods.release.xcconfig"; sourceTree = "<group>"; };
		B8171CA61C84F0E900C142EE /* Weather.app */ = {isa = PBXFileReference; explicitFileType = wrapper.application; includeInIndex = 0; path = Weather.app; sourceTree = BUILT_PRODUCTS_DIR; };
		B8171CA91C84F0E900C142EE /* AppDelegate.swift */ = {isa = PBXFileReference; lastKnownFileType = sourcecode.swift; path = AppDelegate.swift; sourceTree = "<group>"; };
		B8171CAB1C84F0E900C142EE /* ViewController.swift */ = {isa = PBXFileReference; lastKnownFileType = sourcecode.swift; path = ViewController.swift; sourceTree = "<group>"; };
		B8171CAE1C84F0E900C142EE /* Base */ = {isa = PBXFileReference; lastKnownFileType = file.storyboard; name = Base; path = Base.lproj/Main.storyboard; sourceTree = "<group>"; };
		B8171CB01C84F0E900C142EE /* Assets.xcassets */ = {isa = PBXFileReference; lastKnownFileType = folder.assetcatalog; path = Assets.xcassets; sourceTree = "<group>"; };
		B8171CB31C84F0E900C142EE /* Base */ = {isa = PBXFileReference; lastKnownFileType = file.storyboard; name = Base; path = Base.lproj/LaunchScreen.storyboard; sourceTree = "<group>"; };
		B8171CB51C84F0E900C142EE /* Info.plist */ = {isa = PBXFileReference; lastKnownFileType = text.plist.xml; path = Info.plist; sourceTree = "<group>"; };
		B87C4ED21C84F22600EC74AB /* ForcastIOApi.swift */ = {isa = PBXFileReference; fileEncoding = 4; lastKnownFileType = sourcecode.swift; path = ForcastIOApi.swift; sourceTree = "<group>"; };
		B87C4ED41C84F6FE00EC74AB /* MapKit.framework */ = {isa = PBXFileReference; lastKnownFileType = wrapper.framework; name = MapKit.framework; path = System/Library/Frameworks/MapKit.framework; sourceTree = SDKROOT; };
		B8BE4B141C861BA100C60A92 /* ForecastSummary.swift */ = {isa = PBXFileReference; fileEncoding = 4; lastKnownFileType = sourcecode.swift; path = ForecastSummary.swift; sourceTree = "<group>"; };
/* End PBXFileReference section */

/* Begin PBXFrameworksBuildPhase section */
		B8171CA31C84F0E800C142EE /* Frameworks */ = {
			isa = PBXFrameworksBuildPhase;
			buildActionMask = 2147483647;
			files = (
				B87C4ED51C84F6FE00EC74AB /* MapKit.framework in Frameworks */,
				CDB6D9F29001355004B7568C /* Pods.framework in Frameworks */,
			);
			runOnlyForDeploymentPostprocessing = 0;
		};
/* End PBXFrameworksBuildPhase section */

/* Begin PBXGroup section */
		166974A00C4A37920523387C /* Pods */ = {
			isa = PBXGroup;
			children = (
				4FFC59BC8BA89CC3A8145443 /* Pods.debug.xcconfig */,
				6F5835133A665F48426C2FE4 /* Pods.release.xcconfig */,
			);
			name = Pods;
			sourceTree = "<group>";
		};
		B8171C9D1C84F0E800C142EE = {
			isa = PBXGroup;
			children = (
				B8171CA81C84F0E900C142EE /* Weather */,
				B8171CA71C84F0E900C142EE /* Products */,
				166974A00C4A37920523387C /* Pods */,
				C7C32F9A199A157E5265556F /* Frameworks */,
			);
			sourceTree = "<group>";
		};
		B8171CA71C84F0E900C142EE /* Products */ = {
			isa = PBXGroup;
			children = (
				B8171CA61C84F0E900C142EE /* Weather.app */,
			);
			name = Products;
			sourceTree = "<group>";
		};
		B8171CA81C84F0E900C142EE /* Weather */ = {
			isa = PBXGroup;
			children = (
				B8171CA91C84F0E900C142EE /* AppDelegate.swift */,
				B8171CAB1C84F0E900C142EE /* ViewController.swift */,
				B8171CAD1C84F0E900C142EE /* Main.storyboard */,
				B8171CB01C84F0E900C142EE /* Assets.xcassets */,
				B8171CB21C84F0E900C142EE /* LaunchScreen.storyboard */,
				B8171CB51C84F0E900C142EE /* Info.plist */,
				B87C4ED21C84F22600EC74AB /* ForcastIOApi.swift */,
				B8BE4B141C861BA100C60A92 /* ForecastSummary.swift */,
			);
			path = Weather;
			sourceTree = "<group>";
		};
		C7C32F9A199A157E5265556F /* Frameworks */ = {
			isa = PBXGroup;
			children = (
				B87C4ED41C84F6FE00EC74AB /* MapKit.framework */,
				411697A8F9B1C08070D70E56 /* Pods.framework */,
			);
			name = Frameworks;
			sourceTree = "<group>";
		};
/* End PBXGroup section */

/* Begin PBXNativeTarget section */
		B8171CA51C84F0E800C142EE /* Weather */ = {
			isa = PBXNativeTarget;
			buildConfigurationList = B8171CB81C84F0E900C142EE /* Build configuration list for PBXNativeTarget "Weather" */;
			buildPhases = (
				C4E1B4CFEB9B9086D9933D64 /* Check Pods Manifest.lock */,
				B8171CA21C84F0E800C142EE /* Sources */,
				B8171CA31C84F0E800C142EE /* Frameworks */,
				B8171CA41C84F0E800C142EE /* Resources */,
				2653C5231C693F8AEC61B4E1 /* Embed Pods Frameworks */,
				830A01B124E2C56C504610BA /* Copy Pods Resources */,
			);
			buildRules = (
			);
			dependencies = (
			);
			name = Weather;
			productName = Weather;
			productReference = B8171CA61C84F0E900C142EE /* Weather.app */;
			productType = "com.apple.product-type.application";
		};
/* End PBXNativeTarget section */

/* Begin PBXProject section */
		B8171C9E1C84F0E800C142EE /* Project object */ = {
			isa = PBXProject;
			attributes = {
				LastSwiftUpdateCheck = 0720;
				LastUpgradeCheck = 0720;
				ORGANIZATIONNAME = "Mitch Winn";
				TargetAttributes = {
					B8171CA51C84F0E800C142EE = {
						CreatedOnToolsVersion = 7.2.1;
						DevelopmentTeam = N7ZR7S464P;
						SystemCapabilities = {
							com.apple.Maps.iOS = {
								enabled = 1;
							};
						};
					};
				};
			};
			buildConfigurationList = B8171CA11C84F0E800C142EE /* Build configuration list for PBXProject "Weather" */;
			compatibilityVersion = "Xcode 3.2";
			developmentRegion = English;
			hasScannedForEncodings = 0;
			knownRegions = (
				en,
				Base,
			);
			mainGroup = B8171C9D1C84F0E800C142EE;
			productRefGroup = B8171CA71C84F0E900C142EE /* Products */;
			projectDirPath = "";
			projectRoot = "";
			targets = (
				B8171CA51C84F0E800C142EE /* Weather */,
			);
		};
/* End PBXProject section */

/* Begin PBXResourcesBuildPhase section */
		B8171CA41C84F0E800C142EE /* Resources */ = {
			isa = PBXResourcesBuildPhase;
			buildActionMask = 2147483647;
			files = (
				B8171CB41C84F0E900C142EE /* LaunchScreen.storyboard in Resources */,
				B8171CB11C84F0E900C142EE /* Assets.xcassets in Resources */,
				B8171CAF1C84F0E900C142EE /* Main.storyboard in Resources */,
			);
			runOnlyForDeploymentPostprocessing = 0;
		};
/* End PBXResourcesBuildPhase section */

/* Begin PBXShellScriptBuildPhase section */
		2653C5231C693F8AEC61B4E1 /* Embed Pods Frameworks */ = {
			isa = PBXShellScriptBuildPhase;
			buildActionMask = 2147483647;
			files = (
			);
			inputPaths = (
			);
			name = "Embed Pods Frameworks";
			outputPaths = (
			);
			runOnlyForDeploymentPostprocessing = 0;
			shellPath = /bin/sh;
			shellScript = "\"${SRCROOT}/Pods/Target Support Files/Pods/Pods-frameworks.sh\"\n";
			showEnvVarsInLog = 0;
		};
		830A01B124E2C56C504610BA /* Copy Pods Resources */ = {
			isa = PBXShellScriptBuildPhase;
			buildActionMask = 2147483647;
			files = (
			);
			inputPaths = (
			);
			name = "Copy Pods Resources";
			outputPaths = (
			);
			runOnlyForDeploymentPostprocessing = 0;
			shellPath = /bin/sh;
			shellScript = "\"${SRCROOT}/Pods/Target Support Files/Pods/Pods-resources.sh\"\n";
			showEnvVarsInLog = 0;
		};
		C4E1B4CFEB9B9086D9933D64 /* Check Pods Manifest.lock */ = {
			isa = PBXShellScriptBuildPhase;
			buildActionMask = 2147483647;
			files = (
			);
			inputPaths = (
			);
			name = "Check Pods Manifest.lock";
			outputPaths = (
			);
			runOnlyForDeploymentPostprocessing = 0;
			shellPath = /bin/sh;
			shellScript = "diff \"${PODS_ROOT}/../Podfile.lock\" \"${PODS_ROOT}/Manifest.lock\" > /dev/null\nif [[ $? != 0 ]] ; then\n    cat << EOM\nerror: The sandbox is not in sync with the Podfile.lock. Run 'pod install' or update your CocoaPods installation.\nEOM\n    exit 1\nfi\n";
			showEnvVarsInLog = 0;
		};
/* End PBXShellScriptBuildPhase section */

/* Begin PBXSourcesBuildPhase section */
		B8171CA21C84F0E800C142EE /* Sources */ = {
			isa = PBXSourcesBuildPhase;
			buildActionMask = 2147483647;
			files = (
				B87C4ED31C84F22600EC74AB /* ForcastIOApi.swift in Sources */,
				B8171CAC1C84F0E900C142EE /* ViewController.swift in Sources */,
				B8171CAA1C84F0E900C142EE /* AppDelegate.swift in Sources */,
				B8BE4B151C861BA100C60A92 /* ForecastSummary.swift in Sources */,
			);
			runOnlyForDeploymentPostprocessing = 0;
		};
/* End PBXSourcesBuildPhase section */

/* Begin PBXVariantGroup section */
		B8171CAD1C84F0E900C142EE /* Main.storyboard */ = {
			isa = PBXVariantGroup;
			children = (
				B8171CAE1C84F0E900C142EE /* Base */,
			);
			name = Main.storyboard;
			sourceTree = "<group>";
		};
		B8171CB21C84F0E900C142EE /* LaunchScreen.storyboard */ = {
			isa = PBXVariantGroup;
			children = (
				B8171CB31C84F0E900C142EE /* Base */,
			);
			name = LaunchScreen.storyboard;
			sourceTree = "<group>";
		};
/* End PBXVariantGroup section */

/* Begin XCBuildConfiguration section */
		B8171CB61C84F0E900C142EE /* Debug */ = {
			isa = XCBuildConfiguration;
			buildSettings = {
				ALWAYS_SEARCH_USER_PATHS = NO;
				CLANG_CXX_LANGUAGE_STANDARD = "gnu++0x";
				CLANG_CXX_LIBRARY = "libc++";
				CLANG_ENABLE_MODULES = YES;
				CLANG_ENABLE_OBJC_ARC = YES;
				CLANG_WARN_BOOL_CONVERSION = YES;
				CLANG_WARN_CONSTANT_CONVERSION = YES;
				CLANG_WARN_DIRECT_OBJC_ISA_USAGE = YES_ERROR;
				CLANG_WARN_EMPTY_BODY = YES;
				CLANG_WARN_ENUM_CONVERSION = YES;
				CLANG_WARN_INT_CONVERSION = YES;
				CLANG_WARN_OBJC_ROOT_CLASS = YES_ERROR;
				CLANG_WARN_UNREACHABLE_CODE = YES;
				CLANG_WARN__DUPLICATE_METHOD_MATCH = YES;
				"CODE_SIGN_IDENTITY[sdk=iphoneos*]" = "iPhone Developer";
				COPY_PHASE_STRIP = NO;
				DEBUG_INFORMATION_FORMAT = dwarf;
				ENABLE_STRICT_OBJC_MSGSEND = YES;
				ENABLE_TESTABILITY = YES;
				GCC_C_LANGUAGE_STANDARD = gnu99;
				GCC_DYNAMIC_NO_PIC = NO;
				GCC_NO_COMMON_BLOCKS = YES;
				GCC_OPTIMIZATION_LEVEL = 0;
				GCC_PREPROCESSOR_DEFINITIONS = (
					"DEBUG=1",
					"$(inherited)",
				);
				GCC_WARN_64_TO_32_BIT_CONVERSION = YES;
				GCC_WARN_ABOUT_RETURN_TYPE = YES_ERROR;
				GCC_WARN_UNDECLARED_SELECTOR = YES;
				GCC_WARN_UNINITIALIZED_AUTOS = YES_AGGRESSIVE;
				GCC_WARN_UNUSED_FUNCTION = YES;
				GCC_WARN_UNUSED_VARIABLE = YES;
				IPHONEOS_DEPLOYMENT_TARGET = 9.2;
				MTL_ENABLE_DEBUG_INFO = YES;
				ONLY_ACTIVE_ARCH = YES;
				SDKROOT = iphoneos;
				SWIFT_OPTIMIZATION_LEVEL = "-Onone";
				TARGETED_DEVICE_FAMILY = "1,2";
			};
			name = Debug;
		};
		B8171CB71C84F0E900C142EE /* Release */ = {
			isa = XCBuildConfiguration;
			buildSettings = {
				ALWAYS_SEARCH_USER_PATHS = NO;
				CLANG_CXX_LANGUAGE_STANDARD = "gnu++0x";
				CLANG_CXX_LIBRARY = "libc++";
				CLANG_ENABLE_MODULES = YES;
				CLANG_ENABLE_OBJC_ARC = YES;
				CLANG_WARN_BOOL_CONVERSION = YES;
				CLANG_WARN_CONSTANT_CONVERSION = YES;
				CLANG_WARN_DIRECT_OBJC_ISA_USAGE = YES_ERROR;
				CLANG_WARN_EMPTY_BODY = YES;
				CLANG_WARN_ENUM_CONVERSION = YES;
				CLANG_WARN_INT_CONVERSION = YES;
				CLANG_WARN_OBJC_ROOT_CLASS = YES_ERROR;
				CLANG_WARN_UNREACHABLE_CODE = YES;
				CLANG_WARN__DUPLICATE_METHOD_MATCH = YES;
				"CODE_SIGN_IDENTITY[sdk=iphoneos*]" = "iPhone Developer";
				COPY_PHASE_STRIP = NO;
				DEBUG_INFORMATION_FORMAT = "dwarf-with-dsym";
				ENABLE_NS_ASSERTIONS = NO;
				ENABLE_STRICT_OBJC_MSGSEND = YES;
				GCC_C_LANGUAGE_STANDARD = gnu99;
				GCC_NO_COMMON_BLOCKS = YES;
				GCC_WARN_64_TO_32_BIT_CONVERSION = YES;
				GCC_WARN_ABOUT_RETURN_TYPE = YES_ERROR;
				GCC_WARN_UNDECLARED_SELECTOR = YES;
				GCC_WARN_UNINITIALIZED_AUTOS = YES_AGGRESSIVE;
				GCC_WARN_UNUSED_FUNCTION = YES;
				GCC_WARN_UNUSED_VARIABLE = YES;
				IPHONEOS_DEPLOYMENT_TARGET = 9.2;
				MTL_ENABLE_DEBUG_INFO = NO;
				SDKROOT = iphoneos;
				TARGETED_DEVICE_FAMILY = "1,2";
				VALIDATE_PRODUCT = YES;
			};
			name = Release;
		};
		B8171CB91C84F0E900C142EE /* Debug */ = {
			isa = XCBuildConfiguration;
			baseConfigurationReference = 4FFC59BC8BA89CC3A8145443 /* Pods.debug.xcconfig */;
			buildSettings = {
				ASSETCATALOG_COMPILER_APPICON_NAME = AppIcon;
				CODE_SIGN_IDENTITY = "iPhone Developer";
				"CODE_SIGN_IDENTITY[sdk=iphoneos*]" = "iPhone Developer";
				INFOPLIST_FILE = Weather/Info.plist;
				LD_RUNPATH_SEARCH_PATHS = "$(inherited) @executable_path/Frameworks";
				PRODUCT_BUNDLE_IDENTIFIER = com.mitchwinn.Weather;
				PRODUCT_NAME = "$(TARGET_NAME)";
				PROVISIONING_PROFILE = "";
			};
			name = Debug;
		};
		B8171CBA1C84F0E900C142EE /* Release */ = {
			isa = XCBuildConfiguration;
			baseConfigurationReference = 6F5835133A665F48426C2FE4 /* Pods.release.xcconfig */;
			buildSettings = {
				ASSETCATALOG_COMPILER_APPICON_NAME = AppIcon;
				CODE_SIGN_IDENTITY = "iPhone Developer";
				"CODE_SIGN_IDENTITY[sdk=iphoneos*]" = "iPhone Developer";
				INFOPLIST_FILE = Weather/Info.plist;
				LD_RUNPATH_SEARCH_PATHS = "$(inherited) @executable_path/Frameworks";
				PRODUCT_BUNDLE_IDENTIFIER = com.mitchwinn.Weather;
				PRODUCT_NAME = "$(TARGET_NAME)";
				PROVISIONING_PROFILE = "";
			};
			name = Release;
		};
/* End XCBuildConfiguration section */

/* Begin XCConfigurationList section */
		B8171CA11C84F0E800C142EE /* Build configuration list for PBXProject "Weather" */ = {
			isa = XCConfigurationList;
			buildConfigurations = (
				B8171CB61C84F0E900C142EE /* Debug */,
				B8171CB71C84F0E900C142EE /* Release */,
			);
			defaultConfigurationIsVisible = 0;
			defaultConfigurationName = Release;
		};
		B8171CB81C84F0E900C142EE /* Build configuration list for PBXNativeTarget "Weather" */ = {
			isa = XCConfigurationList;
			buildConfigurations = (
				B8171CB91C84F0E900C142EE /* Debug */,
				B8171CBA1C84F0E900C142EE /* Release */,
			);
			defaultConfigurationIsVisible = 0;
			defaultConfigurationName = Release;
		};
/* End XCConfigurationList section */
	};
	rootObject = B8171C9E1C84F0E800C142EE /* Project object */;
}
